
Microsoft Visual Studio Solution File, Format Version 12.00
# Visual Studio 15
VisualStudioVersion = 15.0.26124.0
MinimumVisualStudioVersion = 15.0.26124.0
Project("{FAE04EC0-301F-11D3-BF4B-00C04F79EFBC}") = "my-library", "my-library\my-library.csproj", "{66A7412F-3A02-4254-A412-765613334946}"
EndProject
Project("{FAE04EC0-301F-11D3-BF4B-00C04F79EFBC}") = "test-my-library", "test-my-library\test-my-library.csproj", "{E8FD1F89-AD65-4682-8AF6-5A380FA8B010}"
EndProject
Global
	GlobalSection(SolutionConfigurationPlatforms) = preSolution
		Debug|Any CPU = Debug|Any CPU
		Debug|x64 = Debug|x64
		Debug|x86 = Debug|x86
		Release|Any CPU = Release|Any CPU
		Release|x64 = Release|x64
		Release|x86 = Release|x86
	EndGlobalSection
	GlobalSection(SolutionProperties) = preSolution
		HideSolutionNode = FALSE
	EndGlobalSection
	GlobalSection(ProjectConfigurationPlatforms) = postSolution
		{66A7412F-3A02-4254-A412-765613334946}.Debug|Any CPU.ActiveCfg = Debug|Any CPU
		{66A7412F-3A02-4254-A412-765613334946}.Debug|Any CPU.Build.0 = Debug|Any CPU
		{66A7412F-3A02-4254-A412-765613334946}.Debug|x64.ActiveCfg = Debug|Any CPU
		{66A7412F-3A02-4254-A412-765613334946}.Debug|x64.Build.0 = Debug|Any CPU
		{66A7412F-3A02-4254-A412-765613334946}.Debug|x86.ActiveCfg = Debug|Any CPU
		{66A7412F-3A02-4254-A412-765613334946}.Debug|x86.Build.0 = Debug|Any CPU
		{66A7412F-3A02-4254-A412-765613334946}.Release|Any CPU.ActiveCfg = Release|Any CPU
		{66A7412F-3A02-4254-A412-765613334946}.Release|Any CPU.Build.0 = Release|Any CPU
		{66A7412F-3A02-4254-A412-765613334946}.Release|x64.ActiveCfg = Release|Any CPU
		{66A7412F-3A02-4254-A412-765613334946}.Release|x64.Build.0 = Release|Any CPU
		{66A7412F-3A02-4254-A412-765613334946}.Release|x86.ActiveCfg = Release|Any CPU
		{66A7412F-3A02-4254-A412-765613334946}.Release|x86.Build.0 = Release|Any CPU
		{E8FD1F89-AD65-4682-8AF6-5A380FA8B010}.Debug|Any CPU.ActiveCfg = Debug|Any CPU
		{E8FD1F89-AD65-4682-8AF6-5A380FA8B010}.Debug|Any CPU.Build.0 = Debug|Any CPU
		{E8FD1F89-AD65-4682-8AF6-5A380FA8B010}.Debug|x64.ActiveCfg = Debug|Any CPU
		{E8FD1F89-AD65-4682-8AF6-5A380FA8B010}.Debug|x64.Build.0 = Debug|Any CPU
		{E8FD1F89-AD65-4682-8AF6-5A380FA8B010}.Debug|x86.ActiveCfg = Debug|Any CPU
		{E8FD1F89-AD65-4682-8AF6-5A380FA8B010}.Debug|x86.Build.0 = Debug|Any CPU
		{E8FD1F89-AD65-4682-8AF6-5A380FA8B010}.Release|Any CPU.ActiveCfg = Release|Any CPU
		{E8FD1F89-AD65-4682-8AF6-5A380FA8B010}.Release|Any CPU.Build.0 = Release|Any CPU
		{E8FD1F89-AD65-4682-8AF6-5A380FA8B010}.Release|x64.ActiveCfg = Release|Any CPU
		{E8FD1F89-AD65-4682-8AF6-5A380FA8B010}.Release|x64.Build.0 = Release|Any CPU
		{E8FD1F89-AD65-4682-8AF6-5A380FA8B010}.Release|x86.ActiveCfg = Release|Any CPU
		{E8FD1F89-AD65-4682-8AF6-5A380FA8B010}.Release|x86.Build.0 = Release|Any CPU
	EndGlobalSection
EndGlobal
